
Microsoft Visual Studio Solution File, Format Version 12.00
# Visual Studio Version 17
VisualStudioVersion = 17.7.34031.279
MinimumVisualStudioVersion = 10.0.40219.1
Project("{FAE04EC0-301F-11D3-BF4B-00C04F79EFBC}") = "DocumentsAPI", "DocumentsWebApp\DocumentsAPI.csproj", "{B6FABAAC-8C04-49CA-9108-7E3A0D676685}"
EndProject
Project("{FAE04EC0-301F-11D3-BF4B-00C04F79EFBC}") = "Tests", "Tests\Tests.csproj", "{A79A26A4-AA4E-41D2-870F-EC8A6E87071F}"
EndProject
Global
	GlobalSection(SolutionConfigurationPlatforms) = preSolution
		Debug|Any CPU = Debug|Any CPU
		Release|Any CPU = Release|Any CPU
	EndGlobalSection
	GlobalSection(ProjectConfigurationPlatforms) = postSolution
		{B6FABAAC-8C04-49CA-9108-7E3A0D676685}.Debug|Any CPU.ActiveCfg = Debug|Any CPU
		{B6FABAAC-8C04-49CA-9108-7E3A0D676685}.Debug|Any CPU.Build.0 = Debug|Any CPU
		{B6FABAAC-8C04-49CA-9108-7E3A0D676685}.Release|Any CPU.ActiveCfg = Release|Any CPU
		{B6FABAAC-8C04-49CA-9108-7E3A0D676685}.Release|Any CPU.Build.0 = Release|Any CPU
		{A79A26A4-AA4E-41D2-870F-EC8A6E87071F}.Debug|Any CPU.ActiveCfg = Debug|Any CPU
		{A79A26A4-AA4E-41D2-870F-EC8A6E87071F}.Debug|Any CPU.Build.0 = Debug|Any CPU
		{A79A26A4-AA4E-41D2-870F-EC8A6E87071F}.Release|Any CPU.ActiveCfg = Release|Any CPU
		{A79A26A4-AA4E-41D2-870F-EC8A6E87071F}.Release|Any CPU.Build.0 = Release|Any CPU
	EndGlobalSection
	GlobalSection(SolutionProperties) = preSolution
		HideSolutionNode = FALSE
	EndGlobalSection
	GlobalSection(ExtensibilityGlobals) = postSolution
		SolutionGuid = {EEB644ED-C39B-44D7-9220-11168E35E388}
	EndGlobalSection
EndGlobal
